
Microsoft Visual Studio Solution File, Format Version 12.00
# Visual Studio 15
VisualStudioVersion = 15.0.28010.2046
MinimumVisualStudioVersion = 10.0.40219.1
Project("{9A19103F-16F7-4668-BE54-9A1E7A4F7556}") = "ConsoleApp3", "ConsoleApp3\ConsoleApp3.csproj", "{9EE60505-FDF8-41D5-BB53-243E52E86866}"
EndProject
Project("{9A19103F-16F7-4668-BE54-9A1E7A4F7556}") = "ConsoleApp1", "ConsoleApp1\ConsoleApp1.csproj", "{1FDAD6A2-E6ED-404B-811A-C16990B67FEB}"
EndProject
Project("{FAE04EC0-301F-11D3-BF4B-00C04F79EFBC}") = "UnitTestProject1", "UnitTestProject1\UnitTestProject1.csproj", "{AFA13EEE-EE32-4405-B6EF-106F61DA7CE2}"
EndProject
Global
	GlobalSection(SolutionConfigurationPlatforms) = preSolution
		Debug|Any CPU = Debug|Any CPU
		Release|Any CPU = Release|Any CPU
	EndGlobalSection
	GlobalSection(ProjectConfigurationPlatforms) = postSolution
		{9EE60505-FDF8-41D5-BB53-243E52E86866}.Debug|Any CPU.ActiveCfg = Debug|Any CPU
		{9EE60505-FDF8-41D5-BB53-243E52E86866}.Debug|Any CPU.Build.0 = Debug|Any CPU
		{9EE60505-FDF8-41D5-BB53-243E52E86866}.Release|Any CPU.ActiveCfg = Release|Any CPU
		{9EE60505-FDF8-41D5-BB53-243E52E86866}.Release|Any CPU.Build.0 = Release|Any CPU
		{1FDAD6A2-E6ED-404B-811A-C16990B67FEB}.Debug|Any CPU.ActiveCfg = Debug|Any CPU
		{1FDAD6A2-E6ED-404B-811A-C16990B67FEB}.Debug|Any CPU.Build.0 = Debug|Any CPU
		{1FDAD6A2-E6ED-404B-811A-C16990B67FEB}.Release|Any CPU.ActiveCfg = Release|Any CPU
		{1FDAD6A2-E6ED-404B-811A-C16990B67FEB}.Release|Any CPU.Build.0 = Release|Any CPU
		{AFA13EEE-EE32-4405-B6EF-106F61DA7CE2}.Debug|Any CPU.ActiveCfg = Debug|Any CPU
		{AFA13EEE-EE32-4405-B6EF-106F61DA7CE2}.Debug|Any CPU.Build.0 = Debug|Any CPU
		{AFA13EEE-EE32-4405-B6EF-106F61DA7CE2}.Release|Any CPU.ActiveCfg = Release|Any CPU
		{AFA13EEE-EE32-4405-B6EF-106F61DA7CE2}.Release|Any CPU.Build.0 = Release|Any CPU
	EndGlobalSection
	GlobalSection(SolutionProperties) = preSolution
		HideSolutionNode = FALSE
	EndGlobalSection
	GlobalSection(ExtensibilityGlobals) = postSolution
		SolutionGuid = {5E7859E2-9B05-4029-BC19-EF33243A0B94}
	EndGlobalSection
EndGlobal
